
Microsoft Visual Studio Solution File, Format Version 12.00
# Visual Studio Version 17
VisualStudioVersion = 17.6.33723.286
MinimumVisualStudioVersion = 10.0.40219.1
Project("{FAE04EC0-301F-11D3-BF4B-00C04F79EFBC}") = "NotebookList", "NotebookList\NotebookList.csproj", "{DBDC4A00-B2A5-4142-A2FE-73B17EC6EDF2}"
EndProject
Global
	GlobalSection(SolutionConfigurationPlatforms) = preSolution
		Debug|Any CPU = Debug|Any CPU
		Release|Any CPU = Release|Any CPU
	EndGlobalSection
	GlobalSection(ProjectConfigurationPlatforms) = postSolution
		{DBDC4A00-B2A5-4142-A2FE-73B17EC6EDF2}.Debug|Any CPU.ActiveCfg = Debug|Any CPU
		{DBDC4A00-B2A5-4142-A2FE-73B17EC6EDF2}.Debug|Any CPU.Build.0 = Debug|Any CPU
		{DBDC4A00-B2A5-4142-A2FE-73B17EC6EDF2}.Release|Any CPU.ActiveCfg = Release|Any CPU
		{DBDC4A00-B2A5-4142-A2FE-73B17EC6EDF2}.Release|Any CPU.Build.0 = Release|Any CPU
	EndGlobalSection
	GlobalSection(SolutionProperties) = preSolution
		HideSolutionNode = FALSE
	EndGlobalSection
	GlobalSection(ExtensibilityGlobals) = postSolution
		SolutionGuid = {E213D195-DB24-4C9F-BF2E-38B6B7080DDD}
	EndGlobalSection
EndGlobal
